// !$*UTF8*$!
{
	archiveVersion = 1;
	classes = {
	};
	objectVersion = 48;
	objects = {

/* Begin PBXBuildFile section */
		181352131F5F9A5B6FA34507 /* libPods-IconTest.a in Frameworks */ = {isa = PBXBuildFile; fileRef = 368938DD6D762B2B6E2575AE /* libPods-IconTest.a */; };
		DF805AAD1F5CF885007938D4 /* AppDelegate.m in Sources */ = {isa = PBXBuildFile; fileRef = DF805AAC1F5CF885007938D4 /* AppDelegate.m */; };
		DF805AB01F5CF885007938D4 /* ViewController.m in Sources */ = {isa = PBXBuildFile; fileRef = DF805AAF1F5CF885007938D4 /* ViewController.m */; };
		DF805AB31F5CF885007938D4 /* Main.storyboard in Resources */ = {isa = PBXBuildFile; fileRef = DF805AB11F5CF885007938D4 /* Main.storyboard */; };
		DF805AB51F5CF885007938D4 /* Assets.xcassets in Resources */ = {isa = PBXBuildFile; fileRef = DF805AB41F5CF885007938D4 /* Assets.xcassets */; };
		DF805AB81F5CF885007938D4 /* LaunchScreen.storyboard in Resources */ = {isa = PBXBuildFile; fileRef = DF805AB61F5CF885007938D4 /* LaunchScreen.storyboard */; };
		DF805ABB1F5CF885007938D4 /* main.m in Sources */ = {isa = PBXBuildFile; fileRef = DF805ABA1F5CF885007938D4 /* main.m */; };
/* End PBXBuildFile section */

/* Begin PBXFileReference section */
		368938DD6D762B2B6E2575AE /* libPods-IconTest.a */ = {isa = PBXFileReference; explicitFileType = archive.ar; includeInIndex = 0; path = "libPods-IconTest.a"; sourceTree = BUILT_PRODUCTS_DIR; };
		848198DD439E9C2881490356 /* Pods-IconTest.debug.xcconfig */ = {isa = PBXFileReference; includeInIndex = 1; lastKnownFileType = text.xcconfig; name = "Pods-IconTest.debug.xcconfig"; path = "Pods/Target Support Files/Pods-IconTest/Pods-IconTest.debug.xcconfig"; sourceTree = "<group>"; };
		96D2643AA26CE01A54F582BA /* Pods-IconTest.release.xcconfig */ = {isa = PBXFileReference; includeInIndex = 1; lastKnownFileType = text.xcconfig; name = "Pods-IconTest.release.xcconfig"; path = "Pods/Target Support Files/Pods-IconTest/Pods-IconTest.release.xcconfig"; sourceTree = "<group>"; };
		DF805AA81F5CF885007938D4 /* IconTest.app */ = {isa = PBXFileReference; explicitFileType = wrapper.application; includeInIndex = 0; path = IconTest.app; sourceTree = BUILT_PRODUCTS_DIR; };
		DF805AAB1F5CF885007938D4 /* AppDelegate.h */ = {isa = PBXFileReference; lastKnownFileType = sourcecode.c.h; path = AppDelegate.h; sourceTree = "<group>"; };
		DF805AAC1F5CF885007938D4 /* AppDelegate.m */ = {isa = PBXFileReference; lastKnownFileType = sourcecode.c.objc; path = AppDelegate.m; sourceTree = "<group>"; };
		DF805AAE1F5CF885007938D4 /* ViewController.h */ = {isa = PBXFileReference; lastKnownFileType = sourcecode.c.h; path = ViewController.h; sourceTree = "<group>"; };
		DF805AAF1F5CF885007938D4 /* ViewController.m */ = {isa = PBXFileReference; lastKnownFileType = sourcecode.c.objc; path = ViewController.m; sourceTree = "<group>"; };
		DF805AB21F5CF885007938D4 /* Base */ = {isa = PBXFileReference; lastKnownFileType = file.storyboard; name = Base; path = Base.lproj/Main.storyboard; sourceTree = "<group>"; };
		DF805AB41F5CF885007938D4 /* Assets.xcassets */ = {isa = PBXFileReference; lastKnownFileType = folder.assetcatalog; path = Assets.xcassets; sourceTree = "<group>"; };
		DF805AB71F5CF885007938D4 /* Base */ = {isa = PBXFileReference; lastKnownFileType = file.storyboard; name = Base; path = Base.lproj/LaunchScreen.storyboard; sourceTree = "<group>"; };
		DF805AB91F5CF885007938D4 /* Info.plist */ = {isa = PBXFileReference; lastKnownFileType = text.plist.xml; path = Info.plist; sourceTree = "<group>"; };
		DF805ABA1F5CF885007938D4 /* main.m */ = {isa = PBXFileReference; lastKnownFileType = sourcecode.c.objc; path = main.m; sourceTree = "<group>"; };
/* End PBXFileReference section */

/* Begin PBXFrameworksBuildPhase section */
		DF805AA51F5CF885007938D4 /* Frameworks */ = {
			isa = PBXFrameworksBuildPhase;
			buildActionMask = 2147483647;
			files = (
				181352131F5F9A5B6FA34507 /* libPods-IconTest.a in Frameworks */,
			);
			runOnlyForDeploymentPostprocessing = 0;
		};
/* End PBXFrameworksBuildPhase section */

/* Begin PBXGroup section */
		C220158D988CAFB88E78AD6B /* Frameworks */ = {
			isa = PBXGroup;
			children = (
				368938DD6D762B2B6E2575AE /* libPods-IconTest.a */,
			);
			name = Frameworks;
			sourceTree = "<group>";
		};
		DF805A9F1F5CF885007938D4 = {
			isa = PBXGroup;
			children = (
				DF805AAA1F5CF885007938D4 /* IconTest */,
				DF805AA91F5CF885007938D4 /* Products */,
				FCF53B35D53412D26F730CEC /* Pods */,
				C220158D988CAFB88E78AD6B /* Frameworks */,
			);
			sourceTree = "<group>";
		};
		DF805AA91F5CF885007938D4 /* Products */ = {
			isa = PBXGroup;
			children = (
				DF805AA81F5CF885007938D4 /* IconTest.app */,
			);
			name = Products;
			sourceTree = "<group>";
		};
		DF805AAA1F5CF885007938D4 /* IconTest */ = {
			isa = PBXGroup;
			children = (
				DF805AAB1F5CF885007938D4 /* AppDelegate.h */,
				DF805AAC1F5CF885007938D4 /* AppDelegate.m */,
				DF805AAE1F5CF885007938D4 /* ViewController.h */,
				DF805AAF1F5CF885007938D4 /* ViewController.m */,
				DF805AB11F5CF885007938D4 /* Main.storyboard */,
				DF805AB41F5CF885007938D4 /* Assets.xcassets */,
				DF805AB61F5CF885007938D4 /* LaunchScreen.storyboard */,
				DF805AB91F5CF885007938D4 /* Info.plist */,
				DF805ABA1F5CF885007938D4 /* main.m */,
			);
			path = IconTest;
			sourceTree = "<group>";
		};
		FCF53B35D53412D26F730CEC /* Pods */ = {
			isa = PBXGroup;
			children = (
				848198DD439E9C2881490356 /* Pods-IconTest.debug.xcconfig */,
				96D2643AA26CE01A54F582BA /* Pods-IconTest.release.xcconfig */,
			);
			name = Pods;
			sourceTree = "<group>";
		};
/* End PBXGroup section */

/* Begin PBXNativeTarget section */
		DF805AA71F5CF885007938D4 /* IconTest */ = {
			isa = PBXNativeTarget;
			buildConfigurationList = DF805ABE1F5CF885007938D4 /* Build configuration list for PBXNativeTarget "IconTest" */;
			buildPhases = (
				A047C39839519BF07DB903A4 /* [CP] Check Pods Manifest.lock */,
				DF805AA41F5CF885007938D4 /* Sources */,
				DF805AA51F5CF885007938D4 /* Frameworks */,
				DF805AA61F5CF885007938D4 /* Resources */,
				029FFC130113108CA46D5D79 /* [CP] Embed Pods Frameworks */,
				3204424E2AED9772A2693CCE /* [CP] Copy Pods Resources */,
			);
			buildRules = (
			);
			dependencies = (
			);
			name = IconTest;
			productName = IconTest;
			productReference = DF805AA81F5CF885007938D4 /* IconTest.app */;
			productType = "com.apple.product-type.application";
		};
/* End PBXNativeTarget section */

/* Begin PBXProject section */
		DF805AA01F5CF885007938D4 /* Project object */ = {
			isa = PBXProject;
			attributes = {
				LastUpgradeCheck = 0900;
				TargetAttributes = {
					DF805AA71F5CF885007938D4 = {
						CreatedOnToolsVersion = 9.0;
						ProvisioningStyle = Automatic;
					};
				};
			};
			buildConfigurationList = DF805AA31F5CF885007938D4 /* Build configuration list for PBXProject "IconTest" */;
			compatibilityVersion = "Xcode 8.0";
			developmentRegion = en;
			hasScannedForEncodings = 0;
			knownRegions = (
				en,
				Base,
			);
			mainGroup = DF805A9F1F5CF885007938D4;
			productRefGroup = DF805AA91F5CF885007938D4 /* Products */;
			projectDirPath = "";
			projectRoot = "";
			targets = (
				DF805AA71F5CF885007938D4 /* IconTest */,
			);
		};
/* End PBXProject section */

/* Begin PBXResourcesBuildPhase section */
		DF805AA61F5CF885007938D4 /* Resources */ = {
			isa = PBXResourcesBuildPhase;
			buildActionMask = 2147483647;
			files = (
				DF805AB81F5CF885007938D4 /* LaunchScreen.storyboard in Resources */,
				DF805AB51F5CF885007938D4 /* Assets.xcassets in Resources */,
				DF805AB31F5CF885007938D4 /* Main.storyboard in Resources */,
			);
			runOnlyForDeploymentPostprocessing = 0;
		};
/* End PBXResourcesBuildPhase section */

/* Begin PBXShellScriptBuildPhase section */
		029FFC130113108CA46D5D79 /* [CP] Embed Pods Frameworks */ = {
			isa = PBXShellScriptBuildPhase;
			buildActionMask = 2147483647;
			files = (
			);
			inputPaths = (
			);
			name = "[CP] Embed Pods Frameworks";
			outputPaths = (
			);
			runOnlyForDeploymentPostprocessing = 0;
			shellPath = /bin/sh;
			shellScript = "\"${SRCROOT}/Pods/Target Support Files/Pods-IconTest/Pods-IconTest-frameworks.sh\"\n";
			showEnvVarsInLog = 0;
		};
		3204424E2AED9772A2693CCE /* [CP] Copy Pods Resources */ = {
			isa = PBXShellScriptBuildPhase;
			buildActionMask = 2147483647;
			files = (
			);
			inputPaths = (
				"${SRCROOT}/Pods/Target Support Files/Pods-IconTest/Pods-IconTest-resources.sh",
				"${PODS_ROOT}/DBCamera/DBCamera/Resources/DBCameraImages.xcassets",
				"${PODS_ROOT}/DBCamera/DBCamera/Localizations/DBCamera.bundle",
				"${PODS_ROOT}/DBCamera/DBCamera/Filters/1977.acv",
				"${PODS_ROOT}/DBCamera/DBCamera/Filters/amaro.acv",
				"${PODS_ROOT}/DBCamera/DBCamera/Filters/Hudson.acv",
				"${PODS_ROOT}/DBCamera/DBCamera/Filters/mayfair.acv",
				"${PODS_ROOT}/DBCamera/DBCamera/Filters/Nashville.acv",
				"${PODS_ROOT}/DBCamera/DBCamera/Filters/Valencia.acv",
				"${PODS_ROOT}/DBCamera/DBCamera/Filters/Vignette.acv",
				"${PODS_ROOT}/GPUImage/framework/Resources/lookup.png",
				"${PODS_ROOT}/GPUImage/framework/Resources/lookup_amatorka.png",
				"${PODS_ROOT}/GPUImage/framework/Resources/lookup_miss_etikate.png",
				"${PODS_ROOT}/GPUImage/framework/Resources/lookup_soft_elegance_1.png",
				"${PODS_ROOT}/GPUImage/framework/Resources/lookup_soft_elegance_2.png",
			);
			name = "[CP] Copy Pods Resources";
			outputPaths = (
				"${TARGET_BUILD_DIR}/${UNLOCALIZED_RESOURCES_FOLDER_PATH}",
			);
			runOnlyForDeploymentPostprocessing = 0;
			shellPath = /bin/sh;
			shellScript = "\"${SRCROOT}/Pods/Target Support Files/Pods-IconTest/Pods-IconTest-resources.sh\"\n";
			showEnvVarsInLog = 0;
		};
		A047C39839519BF07DB903A4 /* [CP] Check Pods Manifest.lock */ = {
			isa = PBXShellScriptBuildPhase;
			buildActionMask = 2147483647;
			files = (
			);
			inputPaths = (
				"${PODS_PODFILE_DIR_PATH}/Podfile.lock",
				"${PODS_ROOT}/Manifest.lock",
			);
			name = "[CP] Check Pods Manifest.lock";
			outputPaths = (
				"$(DERIVED_FILE_DIR)/Pods-IconTest-checkManifestLockResult.txt",
			);
			runOnlyForDeploymentPostprocessing = 0;
			shellPath = /bin/sh;
			shellScript = "diff \"${PODS_PODFILE_DIR_PATH}/Podfile.lock\" \"${PODS_ROOT}/Manifest.lock\" > /dev/null\nif [ $? != 0 ] ; then\n    # print error to STDERR\n    echo \"error: The sandbox is not in sync with the Podfile.lock. Run 'pod install' or update your CocoaPods installation.\" >&2\n    exit 1\nfi\n# This output is used by Xcode 'outputs' to avoid re-running this script phase.\necho \"SUCCESS\" > \"${SCRIPT_OUTPUT_FILE_0}\"\n";
			showEnvVarsInLog = 0;
		};
/* End PBXShellScriptBuildPhase section */

/* Begin PBXSourcesBuildPhase section */
		DF805AA41F5CF885007938D4 /* Sources */ = {
			isa = PBXSourcesBuildPhase;
			buildActionMask = 2147483647;
			files = (
				DF805AB01F5CF885007938D4 /* ViewController.m in Sources */,
				DF805ABB1F5CF885007938D4 /* main.m in Sources */,
				DF805AAD1F5CF885007938D4 /* AppDelegate.m in Sources */,
			);
			runOnlyForDeploymentPostprocessing = 0;
		};
/* End PBXSourcesBuildPhase section */

/* Begin PBXVariantGroup section */
		DF805AB11F5CF885007938D4 /* Main.storyboard */ = {
			isa = PBXVariantGroup;
			children = (
				DF805AB21F5CF885007938D4 /* Base */,
			);
			name = Main.storyboard;
			sourceTree = "<group>";
		};
		DF805AB61F5CF885007938D4 /* LaunchScreen.storyboard */ = {
			isa = PBXVariantGroup;
			children = (
				DF805AB71F5CF885007938D4 /* Base */,
			);
			name = LaunchScreen.storyboard;
			sourceTree = "<group>";
		};
/* End PBXVariantGroup section */

/* Begin XCBuildConfiguration section */
		DF805ABC1F5CF885007938D4 /* Debug */ = {
			isa = XCBuildConfiguration;
			buildSettings = {
				ALWAYS_SEARCH_USER_PATHS = NO;
				CLANG_ANALYZER_NONNULL = YES;
				CLANG_ANALYZER_NUMBER_OBJECT_CONVERSION = YES_AGGRESSIVE;
				CLANG_CXX_LANGUAGE_STANDARD = "gnu++14";
				CLANG_CXX_LIBRARY = "libc++";
				CLANG_ENABLE_MODULES = YES;
				CLANG_ENABLE_OBJC_ARC = YES;
				CLANG_WARN_BLOCK_CAPTURE_AUTORELEASING = YES;
				CLANG_WARN_BOOL_CONVERSION = YES;
				CLANG_WARN_COMMA = YES;
				CLANG_WARN_CONSTANT_CONVERSION = YES;
				CLANG_WARN_DIRECT_OBJC_ISA_USAGE = YES_ERROR;
				CLANG_WARN_DOCUMENTATION_COMMENTS = YES;
				CLANG_WARN_EMPTY_BODY = YES;
				CLANG_WARN_ENUM_CONVERSION = YES;
				CLANG_WARN_INFINITE_RECURSION = YES;
				CLANG_WARN_INT_CONVERSION = YES;
				CLANG_WARN_NON_LITERAL_NULL_CONVERSION = YES;
				CLANG_WARN_OBJC_LITERAL_CONVERSION = YES;
				CLANG_WARN_OBJC_ROOT_CLASS = YES_ERROR;
				CLANG_WARN_RANGE_LOOP_ANALYSIS = YES;
				CLANG_WARN_STRICT_PROTOTYPES = YES;
				CLANG_WARN_SUSPICIOUS_MOVE = YES;
				CLANG_WARN_UNGUARDED_AVAILABILITY = YES_AGGRESSIVE;
				CLANG_WARN_UNREACHABLE_CODE = YES;
				CLANG_WARN__DUPLICATE_METHOD_MATCH = YES;
				CODE_SIGN_IDENTITY = "iPhone Developer";
				COPY_PHASE_STRIP = NO;
				DEBUG_INFORMATION_FORMAT = dwarf;
				ENABLE_STRICT_OBJC_MSGSEND = YES;
				ENABLE_TESTABILITY = YES;
				GCC_C_LANGUAGE_STANDARD = gnu11;
				GCC_DYNAMIC_NO_PIC = NO;
				GCC_NO_COMMON_BLOCKS = YES;
				GCC_OPTIMIZATION_LEVEL = 0;
				GCC_PREPROCESSOR_DEFINITIONS = (
					"DEBUG=1",
					"$(inherited)",
				);
				GCC_WARN_64_TO_32_BIT_CONVERSION = YES;
				GCC_WARN_ABOUT_RETURN_TYPE = YES_ERROR;
				GCC_WARN_UNDECLARED_SELECTOR = YES;
				GCC_WARN_UNINITIALIZED_AUTOS = YES_AGGRESSIVE;
				GCC_WARN_UNUSED_FUNCTION = YES;
				GCC_WARN_UNUSED_VARIABLE = YES;
				IPHONEOS_DEPLOYMENT_TARGET = 11.0;
				MTL_ENABLE_DEBUG_INFO = YES;
				ONLY_ACTIVE_ARCH = YES;
				SDKROOT = iphoneos;
			};
			name = Debug;
		};
		DF805ABD1F5CF885007938D4 /* Release */ = {
			isa = XCBuildConfiguration;
			buildSettings = {
				ALWAYS_SEARCH_USER_PATHS = NO;
				CLANG_ANALYZER_NONNULL = YES;
				CLANG_ANALYZER_NUMBER_OBJECT_CONVERSION = YES_AGGRESSIVE;
				CLANG_CXX_LANGUAGE_STANDARD = "gnu++14";
				CLANG_CXX_LIBRARY = "libc++";
				CLANG_ENABLE_MODULES = YES;
				CLANG_ENABLE_OBJC_ARC = YES;
				CLANG_WARN_BLOCK_CAPTURE_AUTORELEASING = YES;
				CLANG_WARN_BOOL_CONVERSION = YES;
				CLANG_WARN_COMMA = YES;
				CLANG_WARN_CONSTANT_CONVERSION = YES;
				CLANG_WARN_DIRECT_OBJC_ISA_USAGE = YES_ERROR;
				CLANG_WARN_DOCUMENTATION_COMMENTS = YES;
				CLANG_WARN_EMPTY_BODY = YES;
				CLANG_WARN_ENUM_CONVERSION = YES;
				CLANG_WARN_INFINITE_RECURSION = YES;
				CLANG_WARN_INT_CONVERSION = YES;
				CLANG_WARN_NON_LITERAL_NULL_CONVERSION = YES;
				CLANG_WARN_OBJC_LITERAL_CONVERSION = YES;
				CLANG_WARN_OBJC_ROOT_CLASS = YES_ERROR;
				CLANG_WARN_RANGE_LOOP_ANALYSIS = YES;
				CLANG_WARN_STRICT_PROTOTYPES = YES;
				CLANG_WARN_SUSPICIOUS_MOVE = YES;
				CLANG_WARN_UNGUARDED_AVAILABILITY = YES_AGGRESSIVE;
				CLANG_WARN_UNREACHABLE_CODE = YES;
				CLANG_WARN__DUPLICATE_METHOD_MATCH = YES;
				CODE_SIGN_IDENTITY = "iPhone Developer";
				COPY_PHASE_STRIP = NO;
				DEBUG_INFORMATION_FORMAT = "dwarf-with-dsym";
				ENABLE_NS_ASSERTIONS = NO;
				ENABLE_STRICT_OBJC_MSGSEND = YES;
				GCC_C_LANGUAGE_STANDARD = gnu11;
				GCC_NO_COMMON_BLOCKS = YES;
				GCC_WARN_64_TO_32_BIT_CONVERSION = YES;
				GCC_WARN_ABOUT_RETURN_TYPE = YES_ERROR;
				GCC_WARN_UNDECLARED_SELECTOR = YES;
				GCC_WARN_UNINITIALIZED_AUTOS = YES_AGGRESSIVE;
				GCC_WARN_UNUSED_FUNCTION = YES;
				GCC_WARN_UNUSED_VARIABLE = YES;
				IPHONEOS_DEPLOYMENT_TARGET = 11.0;
				MTL_ENABLE_DEBUG_INFO = NO;
				SDKROOT = iphoneos;
				VALIDATE_PRODUCT = YES;
			};
			name = Release;
		};
		DF805ABF1F5CF885007938D4 /* Debug */ = {
			isa = XCBuildConfiguration;
			baseConfigurationReference = 848198DD439E9C2881490356 /* Pods-IconTest.debug.xcconfig */;
			buildSettings = {
				ASSETCATALOG_COMPILER_APPICON_NAME = AppIcon;
				CODE_SIGN_STYLE = Automatic;
				DEVELOPMENT_TEAM = S9A47M62JL;
				INFOPLIST_FILE = IconTest/Info.plist;
				LD_RUNPATH_SEARCH_PATHS = "$(inherited) @executable_path/Frameworks";
				PRODUCT_BUNDLE_IDENTIFIER = com.company.IconTest;
				PRODUCT_NAME = "$(TARGET_NAME)";
				TARGETED_DEVICE_FAMILY = "1,2";
			};
			name = Debug;
		};
		DF805AC01F5CF885007938D4 /* Release */ = {
			isa = XCBuildConfiguration;
			baseConfigurationReference = 96D2643AA26CE01A54F582BA /* Pods-IconTest.release.xcconfig */;
			buildSettings = {
				ASSETCATALOG_COMPILER_APPICON_NAME = AppIcon;
				CODE_SIGN_STYLE = Automatic;
				DEVELOPMENT_TEAM = S9A47M62JL;
				INFOPLIST_FILE = IconTest/Info.plist;
				LD_RUNPATH_SEARCH_PATHS = "$(inherited) @executable_path/Frameworks";
				PRODUCT_BUNDLE_IDENTIFIER = com.company.IconTest;
				PRODUCT_NAME = "$(TARGET_NAME)";
				TARGETED_DEVICE_FAMILY = "1,2";
			};
			name = Release;
		};
/* End XCBuildConfiguration section */

/* Begin XCConfigurationList section */
		DF805AA31F5CF885007938D4 /* Build configuration list for PBXProject "IconTest" */ = {
			isa = XCConfigurationList;
			buildConfigurations = (
				DF805ABC1F5CF885007938D4 /* Debug */,
				DF805ABD1F5CF885007938D4 /* Release */,
			);
			defaultConfigurationIsVisible = 0;
			defaultConfigurationName = Release;
		};
		DF805ABE1F5CF885007938D4 /* Build configuration list for PBXNativeTarget "IconTest" */ = {
			isa = XCConfigurationList;
			buildConfigurations = (
				DF805ABF1F5CF885007938D4 /* Debug */,
				DF805AC01F5CF885007938D4 /* Release */,
			);
			defaultConfigurationIsVisible = 0;
			defaultConfigurationName = Release;
		};
/* End XCConfigurationList section */
	};
	rootObject = DF805AA01F5CF885007938D4 /* Project object */;
}
